
Microsoft Visual Studio Solution File, Format Version 12.00
# Visual Studio 15
VisualStudioVersion = 15.0.28307.421
MinimumVisualStudioVersion = 10.0.40219.1
Project("{FAE04EC0-301F-11D3-BF4B-00C04F79EFBC}") = "CoreApp.Data", "CoreApp.Data\CoreApp.Data.csproj", "{FD985FE9-E8F6-4619-9CEE-F3671006FF38}"
EndProject
Project("{FAE04EC0-301F-11D3-BF4B-00C04F79EFBC}") = "CoreApp.Domain", "CoreApp.Domain\CoreApp.Domain.csproj", "{8C414395-6649-4796-88AC-BAE5D812D660}"
EndProject
Project("{FAE04EC0-301F-11D3-BF4B-00C04F79EFBC}") = "CoreWebApp", "CoreWebApp\CoreWebApp.csproj", "{0C6E6C36-C3B8-47C0-A913-6143A5FBF68F}"
EndProject
Global
	GlobalSection(SolutionConfigurationPlatforms) = preSolution
		Debug|Any CPU = Debug|Any CPU
		Release|Any CPU = Release|Any CPU
	EndGlobalSection
	GlobalSection(ProjectConfigurationPlatforms) = postSolution
		{FD985FE9-E8F6-4619-9CEE-F3671006FF38}.Debug|Any CPU.ActiveCfg = Debug|Any CPU
		{FD985FE9-E8F6-4619-9CEE-F3671006FF38}.Debug|Any CPU.Build.0 = Debug|Any CPU
		{FD985FE9-E8F6-4619-9CEE-F3671006FF38}.Release|Any CPU.ActiveCfg = Release|Any CPU
		{FD985FE9-E8F6-4619-9CEE-F3671006FF38}.Release|Any CPU.Build.0 = Release|Any CPU
		{8C414395-6649-4796-88AC-BAE5D812D660}.Debug|Any CPU.ActiveCfg = Debug|Any CPU
		{8C414395-6649-4796-88AC-BAE5D812D660}.Debug|Any CPU.Build.0 = Debug|Any CPU
		{8C414395-6649-4796-88AC-BAE5D812D660}.Release|Any CPU.ActiveCfg = Release|Any CPU
		{8C414395-6649-4796-88AC-BAE5D812D660}.Release|Any CPU.Build.0 = Release|Any CPU
		{0C6E6C36-C3B8-47C0-A913-6143A5FBF68F}.Debug|Any CPU.ActiveCfg = Debug|Any CPU
		{0C6E6C36-C3B8-47C0-A913-6143A5FBF68F}.Debug|Any CPU.Build.0 = Debug|Any CPU
		{0C6E6C36-C3B8-47C0-A913-6143A5FBF68F}.Release|Any CPU.ActiveCfg = Release|Any CPU
		{0C6E6C36-C3B8-47C0-A913-6143A5FBF68F}.Release|Any CPU.Build.0 = Release|Any CPU
	EndGlobalSection
	GlobalSection(SolutionProperties) = preSolution
		HideSolutionNode = FALSE
	EndGlobalSection
	GlobalSection(ExtensibilityGlobals) = postSolution
		SolutionGuid = {B2AC7922-27E8-4E5C-9CDF-280B5CB55F08}
	EndGlobalSection
EndGlobal
